<?xml version="1.0" encoding="UTF-8" standalone="yes" ?>
<CodeBlocks_project_file>
	<FileVersion major="1" minor="6" />
	<Project>
		<Option title="drops" />
		<Option pch_mode="2" />
		<Option compiler="gcc" />
		<Build>
			<Target title="default">
				<Option output="drops" prefix_auto="1" extension_auto="1" />
				<Option type="1" />
				<Option compiler="gcc" />
			</Target>
		</Build>
		<Linker>
			<Add option="libwsock32.a" />
		</Linker>
		<Unit filename="drops.h" />
		<Unit filename="example/date-example.cpp" />
		<Unit filename="example/date-example.h" />
		<Unit filename="example/example.cpp" />
		<Unit filename="example/example.h" />
		<Unit filename="example/logging-example.cpp" />
		<Unit filename="example/logging-example.h" />
		<Unit filename="example/map-example.cpp" />
		<Unit filename="example/map-example.h" />
		<Unit filename="example/multicast-example.cpp" />
		<Unit filename="example/multicast-example.h" />
		<Unit filename="example/properties-example.cpp" />
		<Unit filename="example/properties-example.h" />
		<Unit filename="example/tcpsock-example.cpp" />
		<Unit filename="example/tcpsock-example.h" />
		<Unit filename="example/thread-example.cpp" />
		<Unit filename="example/thread-example.h" />
		<Unit filename="io/input-stream.cpp" />
		<Unit filename="io/input-stream.h" />
		<Unit filename="io/output-stream.cpp" />
		<Unit filename="io/output-stream.h" />
		<Unit filename="lang/exception/exception-util.cpp" />
		<Unit filename="lang/exception/exception-util.h" />
		<Unit filename="lang/exception/exceptions.cpp" />
		<Unit filename="lang/exception/exceptions.h" />
		<Unit filename="lang/exception/throwable.cpp" />
		<Unit filename="lang/exception/throwable.h" />
		<Unit filename="lang/runnable.cpp" />
		<Unit filename="lang/runnable.h" />
		<Unit filename="lang/string-util.cpp" />
		<Unit filename="lang/string-util.h" />
		<Unit filename="lang/thread-util.cpp" />
		<Unit filename="lang/thread-util.h" />
		<Unit filename="lang/thread.cpp" />
		<Unit filename="lang/thread.h" />
		<Unit filename="log4cpp.properties" />
		<Unit filename="main.cpp" />
		<Unit filename="net/dpacket.cpp" />
		<Unit filename="net/dpacket.h" />
		<Unit filename="net/dsocket.cpp" />
		<Unit filename="net/dsocket.h" />
		<Unit filename="net/iaddress.cpp" />
		<Unit filename="net/iaddress.h" />
		<Unit filename="net/msocket.cpp" />
		<Unit filename="net/msocket.h" />
		<Unit filename="net/socket-istream.cpp" />
		<Unit filename="net/socket-istream.h" />
		<Unit filename="net/socket-ostream.cpp" />
		<Unit filename="net/socket-ostream.h" />
		<Unit filename="net/socket.cpp" />
		<Unit filename="net/socket.h" />
		<Unit filename="net/tsocket.cpp" />
		<Unit filename="net/tsocket.h" />
		<Unit filename="strategy.h" />
		<Unit filename="text/data-format.cpp" />
		<Unit filename="text/date-format.h" />
		<Unit filename="text/format.cpp" />
		<Unit filename="text/format.h" />
		<Unit filename="text/level-format.cpp" />
		<Unit filename="text/level-format.h" />
		<Unit filename="util/date.cpp" />
		<Unit filename="util/date.h" />
		<Unit filename="util/logging/appender-factory.cpp" />
		<Unit filename="util/logging/appender-factory.h" />
		<Unit filename="util/logging/appender.cpp" />
		<Unit filename="util/logging/appender.h" />
		<Unit filename="util/logging/console-appender.cpp" />
		<Unit filename="util/logging/console-appender.h" />
		<Unit filename="util/logging/file-appender.cpp" />
		<Unit filename="util/logging/file-appender.h" />
		<Unit filename="util/logging/formatter-factory.cpp" />
		<Unit filename="util/logging/formatter-factory.h" />
		<Unit filename="util/logging/formatter.cpp" />
		<Unit filename="util/logging/formatter.h" />
		<Unit filename="util/logging/level.h" />
		<Unit filename="util/logging/log-record.h" />
		<Unit filename="util/logging/logger-factory.cpp" />
		<Unit filename="util/logging/logger-factory.h" />
		<Unit filename="util/logging/logger.cpp" />
		<Unit filename="util/logging/logger.h" />
		<Unit filename="util/logging/simple-formatter.cpp" />
		<Unit filename="util/logging/simple-formatter.h" />
		<Unit filename="util/map.h" />
		<Unit filename="util/properties.cpp" />
		<Unit filename="util/properties.h" />
		<Unit filename="visitor.h" />
		<Extensions>
			<DoxyBlocks>
				<comment_style block="0" line="0" />
				<doxyfile_project />
				<doxyfile_build />
				<doxyfile_warnings />
				<doxyfile_output />
				<doxyfile_dot />
				<general />
			</DoxyBlocks>
			<code_completion />
			<envvars />
			<debugger />
		</Extensions>
	</Project>
</CodeBlocks_project_file>
