<?xml version="1.0" encoding="UTF-8" standalone="yes" ?>
<CodeBlocks_project_file>
	<FileVersion major="1" minor="6" />
	<Project>
		<Option title="drops" />
		<Option pch_mode="2" />
		<Option compiler="gcc" />
		<Build>
			<Target title="default">
				<Option output="drops" prefix_auto="1" extension_auto="1" />
				<Option type="1" />
				<Option compiler="gcc" />
			</Target>
		</Build>
		<Linker>
			<Add option="C:/Dev-Cpp/lib/libwsock32.a" />
		</Linker>
		<Unit filename="date-example.cpp">
			<Option target="&lt;{~None~}&gt;" />
		</Unit>
		<Unit filename="lang/thread.h" />
		<Unit filename="log4cpp.properties" />
		<Unit filename="logging-example.cpp">
			<Option target="&lt;{~None~}&gt;" />
		</Unit>
		<Unit filename="map-example.cpp">
			<Option target="&lt;{~None~}&gt;" />
		</Unit>
		<Unit filename="multicast-example.cpp" />
		<Unit filename="net/msocket.h" />
		<Unit filename="net/net.h" />
		<Unit filename="net/socket.h" />
		<Unit filename="net/tsocket.h" />
		<Unit filename="net/usocket.h" />
		<Unit filename="process-example.cpp">
			<Option target="&lt;{~None~}&gt;" />
		</Unit>
		<Unit filename="properties-example.cpp">
			<Option target="&lt;{~None~}&gt;" />
		</Unit>
		<Unit filename="s.h" />
		<Unit filename="strategy.h" />
		<Unit filename="util.h" />
		<Unit filename="util/date.h" />
		<Unit filename="util/logging.h" />
		<Unit filename="util/map.h" />
		<Unit filename="util/properties.h" />
		<Unit filename="visitor.h" />
		<Extensions>
			<DoxyBlocks>
				<comment_style block="0" line="0" />
				<doxyfile_project />
				<doxyfile_build />
				<doxyfile_warnings />
				<doxyfile_output />
				<doxyfile_dot />
				<general />
			</DoxyBlocks>
			<code_completion />
			<envvars />
			<debugger />
		</Extensions>
	</Project>
</CodeBlocks_project_file>
